
Microsoft Visual Studio Solution File, Format Version 12.00
# Visual Studio 2012
Project("{FAE04EC0-301F-11D3-BF4B-00C04F79EFBC}") = "CsvHelper", "CSVHelper\CsvHelper.csproj", "{D8D73059-70E8-417D-BED8-D56ECCD14591}"
EndProject
Project("{FAE04EC0-301F-11D3-BF4B-00C04F79EFBC}") = "NpiImporter", "NpiImporter\NpiImporter.csproj", "{A79B8892-245B-49D0-9A85-9AD0571A7147}"
EndProject
Global
	GlobalSection(TestCaseManagementSettings) = postSolution
		CategoryFile = CsvHelper.vsmdi
	EndGlobalSection
	GlobalSection(SolutionConfigurationPlatforms) = preSolution
		Debug|Any CPU = Debug|Any CPU
		Release|Any CPU = Release|Any CPU
	EndGlobalSection
	GlobalSection(ProjectConfigurationPlatforms) = postSolution
		{D8D73059-70E8-417D-BED8-D56ECCD14591}.Debug|Any CPU.ActiveCfg = Debug|Any CPU
		{D8D73059-70E8-417D-BED8-D56ECCD14591}.Debug|Any CPU.Build.0 = Debug|Any CPU
		{D8D73059-70E8-417D-BED8-D56ECCD14591}.Release|Any CPU.ActiveCfg = Release|Any CPU
		{D8D73059-70E8-417D-BED8-D56ECCD14591}.Release|Any CPU.Build.0 = Release|Any CPU
		{A79B8892-245B-49D0-9A85-9AD0571A7147}.Debug|Any CPU.ActiveCfg = Debug|Any CPU
		{A79B8892-245B-49D0-9A85-9AD0571A7147}.Debug|Any CPU.Build.0 = Debug|Any CPU
		{A79B8892-245B-49D0-9A85-9AD0571A7147}.Release|Any CPU.ActiveCfg = Release|Any CPU
		{A79B8892-245B-49D0-9A85-9AD0571A7147}.Release|Any CPU.Build.0 = Release|Any CPU
	EndGlobalSection
	GlobalSection(SolutionProperties) = preSolution
		HideSolutionNode = FALSE
	EndGlobalSection
EndGlobal
