
Microsoft Visual Studio Solution File, Format Version 12.00
# Visual Studio 2013
VisualStudioVersion = 12.0.21005.1
MinimumVisualStudioVersion = 10.0.40219.1
Project("{2150E333-8FDC-42A3-9474-1A3956D46DE8}") = ".nuget", ".nuget", "{56C32087-5659-41D8-AAD4-A13F7945BDB3}"
	ProjectSection(SolutionItems) = preProject
		.nuget\NuGet.Config = .nuget\NuGet.Config
		.nuget\NuGet.exe = .nuget\NuGet.exe
		.nuget\NuGet.targets = .nuget\NuGet.targets
	EndProjectSection
EndProject
Project("{FAE04EC0-301F-11D3-BF4B-00C04F79EFBC}") = "HippoBilling.Core", "HippoBilling.Core\HippoBilling.Core.csproj", "{07A70496-D4C7-439A-B506-BE768BC1150F}"
EndProject
Project("{FAE04EC0-301F-11D3-BF4B-00C04F79EFBC}") = "HippoBilling.Data", "HippoBilling.Data\HippoBilling.Data.csproj", "{67282B1E-32DE-4A46-9C03-22E6C4926C26}"
EndProject
Project("{FAE04EC0-301F-11D3-BF4B-00C04F79EFBC}") = "HippoBilling.Domain", "HippoBilling.Domain\HippoBilling.Domain.csproj", "{CD563A28-AAC9-4B97-AF36-2BA536A6878F}"
EndProject
Project("{FAE04EC0-301F-11D3-BF4B-00C04F79EFBC}") = "HippoBilling.Web", "HippoBilling.Web\HippoBilling.Web.csproj", "{C643EA6B-2420-4E24-98FC-12C29397309C}"
EndProject
Project("{FAE04EC0-301F-11D3-BF4B-00C04F79EFBC}") = "HippoBilling.Processor", "HippoBilling.Processor\HippoBilling.Processor.csproj", "{FBB3C3F3-F6A0-4871-8AE2-51DDD4CF5FE6}"
EndProject
Project("{FAE04EC0-301F-11D3-BF4B-00C04F79EFBC}") = "HippoBilling.Web.Mvc", "HippoBilling.Mvc\HippoBilling.Web.Mvc.csproj", "{A4876E0F-9573-474E-93DF-ECDCFE5EC67F}"
EndProject
Project("{FAE04EC0-301F-11D3-BF4B-00C04F79EFBC}") = "HippoBilling.Service", "HippoBilling.Service\HippoBilling.Service.csproj", "{AE27EC60-D79E-4C49-BF9A-6D0008875217}"
EndProject
Global
	GlobalSection(SolutionConfigurationPlatforms) = preSolution
		Debug|Any CPU = Debug|Any CPU
		Release|Any CPU = Release|Any CPU
	EndGlobalSection
	GlobalSection(ProjectConfigurationPlatforms) = postSolution
		{07A70496-D4C7-439A-B506-BE768BC1150F}.Debug|Any CPU.ActiveCfg = Debug|Any CPU
		{07A70496-D4C7-439A-B506-BE768BC1150F}.Debug|Any CPU.Build.0 = Debug|Any CPU
		{07A70496-D4C7-439A-B506-BE768BC1150F}.Release|Any CPU.ActiveCfg = Release|Any CPU
		{07A70496-D4C7-439A-B506-BE768BC1150F}.Release|Any CPU.Build.0 = Release|Any CPU
		{67282B1E-32DE-4A46-9C03-22E6C4926C26}.Debug|Any CPU.ActiveCfg = Debug|Any CPU
		{67282B1E-32DE-4A46-9C03-22E6C4926C26}.Debug|Any CPU.Build.0 = Debug|Any CPU
		{67282B1E-32DE-4A46-9C03-22E6C4926C26}.Release|Any CPU.ActiveCfg = Release|Any CPU
		{67282B1E-32DE-4A46-9C03-22E6C4926C26}.Release|Any CPU.Build.0 = Release|Any CPU
		{CD563A28-AAC9-4B97-AF36-2BA536A6878F}.Debug|Any CPU.ActiveCfg = Debug|Any CPU
		{CD563A28-AAC9-4B97-AF36-2BA536A6878F}.Debug|Any CPU.Build.0 = Debug|Any CPU
		{CD563A28-AAC9-4B97-AF36-2BA536A6878F}.Release|Any CPU.ActiveCfg = Release|Any CPU
		{CD563A28-AAC9-4B97-AF36-2BA536A6878F}.Release|Any CPU.Build.0 = Release|Any CPU
		{C643EA6B-2420-4E24-98FC-12C29397309C}.Debug|Any CPU.ActiveCfg = Debug|Any CPU
		{C643EA6B-2420-4E24-98FC-12C29397309C}.Debug|Any CPU.Build.0 = Debug|Any CPU
		{C643EA6B-2420-4E24-98FC-12C29397309C}.Release|Any CPU.ActiveCfg = Release|Any CPU
		{C643EA6B-2420-4E24-98FC-12C29397309C}.Release|Any CPU.Build.0 = Release|Any CPU
		{FBB3C3F3-F6A0-4871-8AE2-51DDD4CF5FE6}.Debug|Any CPU.ActiveCfg = Debug|Any CPU
		{FBB3C3F3-F6A0-4871-8AE2-51DDD4CF5FE6}.Debug|Any CPU.Build.0 = Debug|Any CPU
		{FBB3C3F3-F6A0-4871-8AE2-51DDD4CF5FE6}.Release|Any CPU.ActiveCfg = Release|Any CPU
		{FBB3C3F3-F6A0-4871-8AE2-51DDD4CF5FE6}.Release|Any CPU.Build.0 = Release|Any CPU
		{A4876E0F-9573-474E-93DF-ECDCFE5EC67F}.Debug|Any CPU.ActiveCfg = Debug|Any CPU
		{A4876E0F-9573-474E-93DF-ECDCFE5EC67F}.Debug|Any CPU.Build.0 = Debug|Any CPU
		{A4876E0F-9573-474E-93DF-ECDCFE5EC67F}.Release|Any CPU.ActiveCfg = Release|Any CPU
		{A4876E0F-9573-474E-93DF-ECDCFE5EC67F}.Release|Any CPU.Build.0 = Release|Any CPU
		{AE27EC60-D79E-4C49-BF9A-6D0008875217}.Debug|Any CPU.ActiveCfg = Debug|Any CPU
		{AE27EC60-D79E-4C49-BF9A-6D0008875217}.Debug|Any CPU.Build.0 = Debug|Any CPU
		{AE27EC60-D79E-4C49-BF9A-6D0008875217}.Release|Any CPU.ActiveCfg = Release|Any CPU
		{AE27EC60-D79E-4C49-BF9A-6D0008875217}.Release|Any CPU.Build.0 = Release|Any CPU
	EndGlobalSection
	GlobalSection(SolutionProperties) = preSolution
		HideSolutionNode = FALSE
	EndGlobalSection
EndGlobal
